
Microsoft Visual Studio Solution File, Format Version 12.00
# Visual Studio Version 16
VisualStudioVersion = 16.0.31729.503
MinimumVisualStudioVersion = 10.0.40219.1
Project("{FAE04EC0-301F-11D3-BF4B-00C04F79EFBC}") = "DZ_5_Сonstruction", "DZ_5_Сonstruction\DZ_5_Сonstruction.csproj", "{6B81448D-19EA-4A42-BF8C-F012A3C4E4EA}"
EndProject
Global
	GlobalSection(SolutionConfigurationPlatforms) = preSolution
		Debug|Any CPU = Debug|Any CPU
		Release|Any CPU = Release|Any CPU
	EndGlobalSection
	GlobalSection(ProjectConfigurationPlatforms) = postSolution
		{6B81448D-19EA-4A42-BF8C-F012A3C4E4EA}.Debug|Any CPU.ActiveCfg = Debug|Any CPU
		{6B81448D-19EA-4A42-BF8C-F012A3C4E4EA}.Debug|Any CPU.Build.0 = Debug|Any CPU
		{6B81448D-19EA-4A42-BF8C-F012A3C4E4EA}.Release|Any CPU.ActiveCfg = Release|Any CPU
		{6B81448D-19EA-4A42-BF8C-F012A3C4E4EA}.Release|Any CPU.Build.0 = Release|Any CPU
	EndGlobalSection
	GlobalSection(SolutionProperties) = preSolution
		HideSolutionNode = FALSE
	EndGlobalSection
	GlobalSection(ExtensibilityGlobals) = postSolution
		SolutionGuid = {99624440-0ECA-468E-BF97-456F8CA1D6D8}
	EndGlobalSection
EndGlobal
